{
  "name": "@mango-web/common",
  "version": "0.0.1",
  "lockfileVersion": 3,
  "requires": true,
  "packages": {
    "": {
      "name": "@mango-web/common",
      "version": "0.0.1",
      "license": "ISC",
      "dependencies": {
        "io-ts": "^2.2.20"
      }
    },
    "node_modules/fp-ts": {
      "version": "2.16.0",
      "resolved": "https://registry.npmjs.org/fp-ts/-/fp-ts-2.16.0.tgz",
      "integrity": "sha512-bLq+KgbiXdTEoT1zcARrWEpa5z6A/8b7PcDW7Gef3NSisQ+VS7ll2Xbf1E+xsgik0rWub/8u0qP/iTTjj+PhxQ==",
      "peer": true
    },
    "node_modules/io-ts": {
      "version": "2.2.20",
      "resolved": "https://registry.npmjs.org/io-ts/-/io-ts-2.2.20.tgz",
      "integrity": "sha512-Rq2BsYmtwS5vVttie4rqrOCIfHCS9TgpRLFpKQCM1wZBBRY9nWVGmEvm2FnDbSE2un1UE39DvFpTR5UL47YDcA==",
      "peerDependencies": {
        "fp-ts": "^2.5.0"
      }
    }
  }
}
